
Microsoft Visual Studio Solution File, Format Version 12.00
# Visual Studio Version 16
VisualStudioVersion = 16.0.31515.178
MinimumVisualStudioVersion = 10.0.40219.1
Project("{9A19103F-16F7-4668-BE54-9A1E7A4F7556}") = "dotDoc.LocalIpc", "dotDoc.LocalIpc\dotDoc.LocalIpc.csproj", "{4F5D3984-9B8E-4331-BF72-74DAA96B46F9}"
EndProject
Project("{9A19103F-16F7-4668-BE54-9A1E7A4F7556}") = "dotDoc.LocalIpc.TestClient", "dotDoc.LocalIpc.TestClient\dotDoc.LocalIpc.TestClient.csproj", "{5C6BB99F-BA9E-4ED5-A5DD-74D4364F5843}"
EndProject
Project("{2150E333-8FDC-42A3-9474-1A3956D46DE8}") = "Solution Items", "Solution Items", "{BE702BE7-CDB0-49D9-9A3C-AFC6D03C539B}"
	ProjectSection(SolutionItems) = preProject
		ChangeLog.md = ChangeLog.md
		License.txt = License.txt
		ReadMe.md = ReadMe.md
	EndProjectSection
EndProject
Project("{9A19103F-16F7-4668-BE54-9A1E7A4F7556}") = "dotDoc.LocalIpc.Tests", "dotDoc.LocalIpc.Tests\dotDoc.LocalIpc.Tests.csproj", "{D6F01D79-D35B-41F8-8741-5F7657E6B2FF}"
EndProject
Global
	GlobalSection(SolutionConfigurationPlatforms) = preSolution
		Debug|Any CPU = Debug|Any CPU
		Release|Any CPU = Release|Any CPU
	EndGlobalSection
	GlobalSection(ProjectConfigurationPlatforms) = postSolution
		{4F5D3984-9B8E-4331-BF72-74DAA96B46F9}.Debug|Any CPU.ActiveCfg = Debug|Any CPU
		{4F5D3984-9B8E-4331-BF72-74DAA96B46F9}.Debug|Any CPU.Build.0 = Debug|Any CPU
		{4F5D3984-9B8E-4331-BF72-74DAA96B46F9}.Release|Any CPU.ActiveCfg = Release|Any CPU
		{4F5D3984-9B8E-4331-BF72-74DAA96B46F9}.Release|Any CPU.Build.0 = Release|Any CPU
		{5C6BB99F-BA9E-4ED5-A5DD-74D4364F5843}.Debug|Any CPU.ActiveCfg = Debug|Any CPU
		{5C6BB99F-BA9E-4ED5-A5DD-74D4364F5843}.Debug|Any CPU.Build.0 = Debug|Any CPU
		{5C6BB99F-BA9E-4ED5-A5DD-74D4364F5843}.Release|Any CPU.ActiveCfg = Release|Any CPU
		{5C6BB99F-BA9E-4ED5-A5DD-74D4364F5843}.Release|Any CPU.Build.0 = Release|Any CPU
		{D6F01D79-D35B-41F8-8741-5F7657E6B2FF}.Debug|Any CPU.ActiveCfg = Debug|Any CPU
		{D6F01D79-D35B-41F8-8741-5F7657E6B2FF}.Debug|Any CPU.Build.0 = Debug|Any CPU
		{D6F01D79-D35B-41F8-8741-5F7657E6B2FF}.Release|Any CPU.ActiveCfg = Release|Any CPU
		{D6F01D79-D35B-41F8-8741-5F7657E6B2FF}.Release|Any CPU.Build.0 = Release|Any CPU
	EndGlobalSection
	GlobalSection(SolutionProperties) = preSolution
		HideSolutionNode = FALSE
	EndGlobalSection
	GlobalSection(ExtensibilityGlobals) = postSolution
		SolutionGuid = {9C32FD3D-2A8D-4E3D-B7A6-C8416DAE1CA0}
	EndGlobalSection
EndGlobal
